
Microsoft Visual Studio Solution File, Format Version 12.00
# Visual Studio Version 17
VisualStudioVersion = 17.2.32422.2
MinimumVisualStudioVersion = 10.0.40219.1
Project("{9A19103F-16F7-4668-BE54-9A1E7A4F7556}") = "SegCtrl", "SegCtrl\SegCtrl.csproj", "{527A693E-CE2E-4482-9971-4F5A3957F0FE}"
EndProject
Project("{2150E333-8FDC-42A3-9474-1A3956D46DE8}") = "main", "main", "{4F57D711-70AE-457A-8B14-6A5596E8DEC9}"
EndProject
Project("{2150E333-8FDC-42A3-9474-1A3956D46DE8}") = "Test", "Test", "{7D2E4532-F42F-45CD-9A4B-4C4AC812377F}"
EndProject
Project("{9A19103F-16F7-4668-BE54-9A1E7A4F7556}") = "DemoAppSegCtrl", "..\..\test\maui\DemoAppSegCtrl\DemoAppSegCtrl.csproj", "{E8278228-2D25-4863-A651-85AD756E34D2}"
EndProject
Project("{2150E333-8FDC-42A3-9474-1A3956D46DE8}") = "Solution Items", "Solution Items", "{CC15246B-F69F-4EBA-A097-1864F552F1E5}"
	ProjectSection(SolutionItems) = preProject
		.editorconfig = .editorconfig
	EndProjectSection
EndProject
Global
	GlobalSection(SolutionConfigurationPlatforms) = preSolution
		Debug|Any CPU = Debug|Any CPU
		Release|Any CPU = Release|Any CPU
	EndGlobalSection
	GlobalSection(ProjectConfigurationPlatforms) = postSolution
		{527A693E-CE2E-4482-9971-4F5A3957F0FE}.Debug|Any CPU.ActiveCfg = Debug|Any CPU
		{527A693E-CE2E-4482-9971-4F5A3957F0FE}.Debug|Any CPU.Build.0 = Debug|Any CPU
		{527A693E-CE2E-4482-9971-4F5A3957F0FE}.Release|Any CPU.ActiveCfg = Release|Any CPU
		{527A693E-CE2E-4482-9971-4F5A3957F0FE}.Release|Any CPU.Build.0 = Release|Any CPU
		{E8278228-2D25-4863-A651-85AD756E34D2}.Debug|Any CPU.ActiveCfg = Debug|Any CPU
		{E8278228-2D25-4863-A651-85AD756E34D2}.Debug|Any CPU.Build.0 = Debug|Any CPU
		{E8278228-2D25-4863-A651-85AD756E34D2}.Debug|Any CPU.Deploy.0 = Debug|Any CPU
		{E8278228-2D25-4863-A651-85AD756E34D2}.Release|Any CPU.ActiveCfg = Release|Any CPU
		{E8278228-2D25-4863-A651-85AD756E34D2}.Release|Any CPU.Build.0 = Release|Any CPU
		{E8278228-2D25-4863-A651-85AD756E34D2}.Release|Any CPU.Deploy.0 = Release|Any CPU
	EndGlobalSection
	GlobalSection(SolutionProperties) = preSolution
		HideSolutionNode = FALSE
	EndGlobalSection
	GlobalSection(NestedProjects) = preSolution
		{527A693E-CE2E-4482-9971-4F5A3957F0FE} = {4F57D711-70AE-457A-8B14-6A5596E8DEC9}
		{E8278228-2D25-4863-A651-85AD756E34D2} = {7D2E4532-F42F-45CD-9A4B-4C4AC812377F}
	EndGlobalSection
	GlobalSection(ExtensibilityGlobals) = postSolution
		SolutionGuid = {19EA1C08-2ECF-4DCE-B917-5D70D75085C1}
	EndGlobalSection
EndGlobal
