
Microsoft Visual Studio Solution File, Format Version 12.00
# Visual Studio 15
VisualStudioVersion = 15.0.27004.2002
MinimumVisualStudioVersion = 10.0.40219.1
Project("{9A19103F-16F7-4668-BE54-9A1E7A4F7556}") = "SegCtlr.Netstandard", "SegCtlr.Netstandard\SegCtlr.Netstandard.csproj", "{ABA23BAB-084A-443E-B9CC-37B0A826377E}"
EndProject
Project("{2150E333-8FDC-42A3-9474-1A3956D46DE8}") = "Abstraction", "Abstraction", "{D54B9249-B233-42AD-8346-2E59628B9B34}"
EndProject
Project("{2150E333-8FDC-42A3-9474-1A3956D46DE8}") = "CrossPlatform", "CrossPlatform", "{C5A73308-8FF9-4767-91CF-1B97B38B0403}"
EndProject
Project("{FAE04EC0-301F-11D3-BF4B-00C04F79EFBC}") = "SegCtrl.Droid", "..\crossplatform\SegCtrl.Droid\SegCtrl.Droid.csproj", "{615565C8-84DE-4B6B-80DD-106695429AD8}"
EndProject
Project("{FAE04EC0-301F-11D3-BF4B-00C04F79EFBC}") = "SegCtrl.iOS", "..\crossplatform\SegCtrl.iOS\SegCtrl.iOS.csproj", "{39CD5D35-D98E-49A2-868B-89E7B64D25DE}"
EndProject
Project("{FAE04EC0-301F-11D3-BF4B-00C04F79EFBC}") = "SegCtrl.UWP", "..\crossplatform\SegCtrl.UWP\SegCtrl.UWP.csproj", "{2848D7D8-3C18-4DF0-8638-CBCCC36A325B}"
EndProject
Project("{2150E333-8FDC-42A3-9474-1A3956D46DE8}") = "Test", "Test", "{F6468D98-0EC8-412A-865C-6AC3F010C044}"
EndProject
Project("{FAE04EC0-301F-11D3-BF4B-00C04F79EFBC}") = "Test.SegCtrl.Android", "..\test\Test.SegCtrl.Android\Test.SegCtrl.Android.csproj", "{D41A679F-F6FD-45B5-B63C-304C720090CC}"
EndProject
Project("{FAE04EC0-301F-11D3-BF4B-00C04F79EFBC}") = "Test.SegCtlr.UWP", "..\test\Test.SegCtrl.UWP\Test.SegCtlr.UWP.csproj", "{D133A400-6A9B-4414-A989-6165FF3A3BAC}"
EndProject
Project("{FAE04EC0-301F-11D3-BF4B-00C04F79EFBC}") = "Test.SegCtlr.iOS", "..\test\Test.SegCtrl.iOS\Test.SegCtlr.iOS.csproj", "{2C3B781D-170C-44FA-BB73-E454A4AE73BD}"
EndProject
Project("{FAE04EC0-301F-11D3-BF4B-00C04F79EFBC}") = "Test.SegCtrl.netstandard", "..\test\Test.SegCtrl.netstandard\Test.SegCtrl.netstandard.csproj", "{085D550D-9E27-474F-A79E-4578224F8664}"
EndProject
Global
	GlobalSection(SolutionConfigurationPlatforms) = preSolution
		Ad-Hoc|Any CPU = Ad-Hoc|Any CPU
		Ad-Hoc|ARM = Ad-Hoc|ARM
		Ad-Hoc|iPhone = Ad-Hoc|iPhone
		Ad-Hoc|iPhoneSimulator = Ad-Hoc|iPhoneSimulator
		Ad-Hoc|x64 = Ad-Hoc|x64
		Ad-Hoc|x86 = Ad-Hoc|x86
		AppStore|Any CPU = AppStore|Any CPU
		AppStore|ARM = AppStore|ARM
		AppStore|iPhone = AppStore|iPhone
		AppStore|iPhoneSimulator = AppStore|iPhoneSimulator
		AppStore|x64 = AppStore|x64
		AppStore|x86 = AppStore|x86
		Debug|Any CPU = Debug|Any CPU
		Debug|ARM = Debug|ARM
		Debug|iPhone = Debug|iPhone
		Debug|iPhoneSimulator = Debug|iPhoneSimulator
		Debug|x64 = Debug|x64
		Debug|x86 = Debug|x86
		Release|Any CPU = Release|Any CPU
		Release|ARM = Release|ARM
		Release|iPhone = Release|iPhone
		Release|iPhoneSimulator = Release|iPhoneSimulator
		Release|x64 = Release|x64
		Release|x86 = Release|x86
	EndGlobalSection
	GlobalSection(ProjectConfigurationPlatforms) = postSolution
		{ABA23BAB-084A-443E-B9CC-37B0A826377E}.Ad-Hoc|Any CPU.ActiveCfg = Release|Any CPU
		{ABA23BAB-084A-443E-B9CC-37B0A826377E}.Ad-Hoc|Any CPU.Build.0 = Release|Any CPU
		{ABA23BAB-084A-443E-B9CC-37B0A826377E}.Ad-Hoc|ARM.ActiveCfg = Release|Any CPU
		{ABA23BAB-084A-443E-B9CC-37B0A826377E}.Ad-Hoc|ARM.Build.0 = Release|Any CPU
		{ABA23BAB-084A-443E-B9CC-37B0A826377E}.Ad-Hoc|iPhone.ActiveCfg = Release|Any CPU
		{ABA23BAB-084A-443E-B9CC-37B0A826377E}.Ad-Hoc|iPhone.Build.0 = Release|Any CPU
		{ABA23BAB-084A-443E-B9CC-37B0A826377E}.Ad-Hoc|iPhoneSimulator.ActiveCfg = Release|Any CPU
		{ABA23BAB-084A-443E-B9CC-37B0A826377E}.Ad-Hoc|iPhoneSimulator.Build.0 = Release|Any CPU
		{ABA23BAB-084A-443E-B9CC-37B0A826377E}.Ad-Hoc|x64.ActiveCfg = Release|Any CPU
		{ABA23BAB-084A-443E-B9CC-37B0A826377E}.Ad-Hoc|x64.Build.0 = Release|Any CPU
		{ABA23BAB-084A-443E-B9CC-37B0A826377E}.Ad-Hoc|x86.ActiveCfg = Release|Any CPU
		{ABA23BAB-084A-443E-B9CC-37B0A826377E}.Ad-Hoc|x86.Build.0 = Release|Any CPU
		{ABA23BAB-084A-443E-B9CC-37B0A826377E}.AppStore|Any CPU.ActiveCfg = Release|Any CPU
		{ABA23BAB-084A-443E-B9CC-37B0A826377E}.AppStore|Any CPU.Build.0 = Release|Any CPU
		{ABA23BAB-084A-443E-B9CC-37B0A826377E}.AppStore|ARM.ActiveCfg = Release|Any CPU
		{ABA23BAB-084A-443E-B9CC-37B0A826377E}.AppStore|ARM.Build.0 = Release|Any CPU
		{ABA23BAB-084A-443E-B9CC-37B0A826377E}.AppStore|iPhone.ActiveCfg = Release|Any CPU
		{ABA23BAB-084A-443E-B9CC-37B0A826377E}.AppStore|iPhone.Build.0 = Release|Any CPU
		{ABA23BAB-084A-443E-B9CC-37B0A826377E}.AppStore|iPhoneSimulator.ActiveCfg = Release|Any CPU
		{ABA23BAB-084A-443E-B9CC-37B0A826377E}.AppStore|iPhoneSimulator.Build.0 = Release|Any CPU
		{ABA23BAB-084A-443E-B9CC-37B0A826377E}.AppStore|x64.ActiveCfg = Release|Any CPU
		{ABA23BAB-084A-443E-B9CC-37B0A826377E}.AppStore|x64.Build.0 = Release|Any CPU
		{ABA23BAB-084A-443E-B9CC-37B0A826377E}.AppStore|x86.ActiveCfg = Release|Any CPU
		{ABA23BAB-084A-443E-B9CC-37B0A826377E}.AppStore|x86.Build.0 = Release|Any CPU
		{ABA23BAB-084A-443E-B9CC-37B0A826377E}.Debug|Any CPU.ActiveCfg = Debug|Any CPU
		{ABA23BAB-084A-443E-B9CC-37B0A826377E}.Debug|Any CPU.Build.0 = Debug|Any CPU
		{ABA23BAB-084A-443E-B9CC-37B0A826377E}.Debug|ARM.ActiveCfg = Debug|Any CPU
		{ABA23BAB-084A-443E-B9CC-37B0A826377E}.Debug|ARM.Build.0 = Debug|Any CPU
		{ABA23BAB-084A-443E-B9CC-37B0A826377E}.Debug|iPhone.ActiveCfg = Debug|Any CPU
		{ABA23BAB-084A-443E-B9CC-37B0A826377E}.Debug|iPhone.Build.0 = Debug|Any CPU
		{ABA23BAB-084A-443E-B9CC-37B0A826377E}.Debug|iPhoneSimulator.ActiveCfg = Debug|Any CPU
		{ABA23BAB-084A-443E-B9CC-37B0A826377E}.Debug|iPhoneSimulator.Build.0 = Debug|Any CPU
		{ABA23BAB-084A-443E-B9CC-37B0A826377E}.Debug|x64.ActiveCfg = Debug|Any CPU
		{ABA23BAB-084A-443E-B9CC-37B0A826377E}.Debug|x64.Build.0 = Debug|Any CPU
		{ABA23BAB-084A-443E-B9CC-37B0A826377E}.Debug|x86.ActiveCfg = Debug|Any CPU
		{ABA23BAB-084A-443E-B9CC-37B0A826377E}.Debug|x86.Build.0 = Debug|Any CPU
		{ABA23BAB-084A-443E-B9CC-37B0A826377E}.Release|Any CPU.ActiveCfg = Release|Any CPU
		{ABA23BAB-084A-443E-B9CC-37B0A826377E}.Release|Any CPU.Build.0 = Release|Any CPU
		{ABA23BAB-084A-443E-B9CC-37B0A826377E}.Release|ARM.ActiveCfg = Release|Any CPU
		{ABA23BAB-084A-443E-B9CC-37B0A826377E}.Release|ARM.Build.0 = Release|Any CPU
		{ABA23BAB-084A-443E-B9CC-37B0A826377E}.Release|iPhone.ActiveCfg = Release|Any CPU
		{ABA23BAB-084A-443E-B9CC-37B0A826377E}.Release|iPhone.Build.0 = Release|Any CPU
		{ABA23BAB-084A-443E-B9CC-37B0A826377E}.Release|iPhoneSimulator.ActiveCfg = Release|Any CPU
		{ABA23BAB-084A-443E-B9CC-37B0A826377E}.Release|iPhoneSimulator.Build.0 = Release|Any CPU
		{ABA23BAB-084A-443E-B9CC-37B0A826377E}.Release|x64.ActiveCfg = Release|Any CPU
		{ABA23BAB-084A-443E-B9CC-37B0A826377E}.Release|x64.Build.0 = Release|Any CPU
		{ABA23BAB-084A-443E-B9CC-37B0A826377E}.Release|x86.ActiveCfg = Release|Any CPU
		{ABA23BAB-084A-443E-B9CC-37B0A826377E}.Release|x86.Build.0 = Release|Any CPU
		{615565C8-84DE-4B6B-80DD-106695429AD8}.Ad-Hoc|Any CPU.ActiveCfg = Release|Any CPU
		{615565C8-84DE-4B6B-80DD-106695429AD8}.Ad-Hoc|Any CPU.Build.0 = Release|Any CPU
		{615565C8-84DE-4B6B-80DD-106695429AD8}.Ad-Hoc|ARM.ActiveCfg = Release|Any CPU
		{615565C8-84DE-4B6B-80DD-106695429AD8}.Ad-Hoc|ARM.Build.0 = Release|Any CPU
		{615565C8-84DE-4B6B-80DD-106695429AD8}.Ad-Hoc|iPhone.ActiveCfg = Release|Any CPU
		{615565C8-84DE-4B6B-80DD-106695429AD8}.Ad-Hoc|iPhone.Build.0 = Release|Any CPU
		{615565C8-84DE-4B6B-80DD-106695429AD8}.Ad-Hoc|iPhoneSimulator.ActiveCfg = Release|Any CPU
		{615565C8-84DE-4B6B-80DD-106695429AD8}.Ad-Hoc|iPhoneSimulator.Build.0 = Release|Any CPU
		{615565C8-84DE-4B6B-80DD-106695429AD8}.Ad-Hoc|x64.ActiveCfg = Release|Any CPU
		{615565C8-84DE-4B6B-80DD-106695429AD8}.Ad-Hoc|x64.Build.0 = Release|Any CPU
		{615565C8-84DE-4B6B-80DD-106695429AD8}.Ad-Hoc|x86.ActiveCfg = Release|Any CPU
		{615565C8-84DE-4B6B-80DD-106695429AD8}.Ad-Hoc|x86.Build.0 = Release|Any CPU
		{615565C8-84DE-4B6B-80DD-106695429AD8}.AppStore|Any CPU.ActiveCfg = Release|Any CPU
		{615565C8-84DE-4B6B-80DD-106695429AD8}.AppStore|Any CPU.Build.0 = Release|Any CPU
		{615565C8-84DE-4B6B-80DD-106695429AD8}.AppStore|ARM.ActiveCfg = Release|Any CPU
		{615565C8-84DE-4B6B-80DD-106695429AD8}.AppStore|ARM.Build.0 = Release|Any CPU
		{615565C8-84DE-4B6B-80DD-106695429AD8}.AppStore|iPhone.ActiveCfg = Release|Any CPU
		{615565C8-84DE-4B6B-80DD-106695429AD8}.AppStore|iPhone.Build.0 = Release|Any CPU
		{615565C8-84DE-4B6B-80DD-106695429AD8}.AppStore|iPhoneSimulator.ActiveCfg = Release|Any CPU
		{615565C8-84DE-4B6B-80DD-106695429AD8}.AppStore|iPhoneSimulator.Build.0 = Release|Any CPU
		{615565C8-84DE-4B6B-80DD-106695429AD8}.AppStore|x64.ActiveCfg = Release|Any CPU
		{615565C8-84DE-4B6B-80DD-106695429AD8}.AppStore|x64.Build.0 = Release|Any CPU
		{615565C8-84DE-4B6B-80DD-106695429AD8}.AppStore|x86.ActiveCfg = Release|Any CPU
		{615565C8-84DE-4B6B-80DD-106695429AD8}.AppStore|x86.Build.0 = Release|Any CPU
		{615565C8-84DE-4B6B-80DD-106695429AD8}.Debug|Any CPU.ActiveCfg = Debug|Any CPU
		{615565C8-84DE-4B6B-80DD-106695429AD8}.Debug|Any CPU.Build.0 = Debug|Any CPU
		{615565C8-84DE-4B6B-80DD-106695429AD8}.Debug|ARM.ActiveCfg = Debug|Any CPU
		{615565C8-84DE-4B6B-80DD-106695429AD8}.Debug|ARM.Build.0 = Debug|Any CPU
		{615565C8-84DE-4B6B-80DD-106695429AD8}.Debug|iPhone.ActiveCfg = Debug|Any CPU
		{615565C8-84DE-4B6B-80DD-106695429AD8}.Debug|iPhone.Build.0 = Debug|Any CPU
		{615565C8-84DE-4B6B-80DD-106695429AD8}.Debug|iPhoneSimulator.ActiveCfg = Debug|Any CPU
		{615565C8-84DE-4B6B-80DD-106695429AD8}.Debug|iPhoneSimulator.Build.0 = Debug|Any CPU
		{615565C8-84DE-4B6B-80DD-106695429AD8}.Debug|x64.ActiveCfg = Debug|Any CPU
		{615565C8-84DE-4B6B-80DD-106695429AD8}.Debug|x64.Build.0 = Debug|Any CPU
		{615565C8-84DE-4B6B-80DD-106695429AD8}.Debug|x86.ActiveCfg = Debug|Any CPU
		{615565C8-84DE-4B6B-80DD-106695429AD8}.Debug|x86.Build.0 = Debug|Any CPU
		{615565C8-84DE-4B6B-80DD-106695429AD8}.Release|Any CPU.ActiveCfg = Release|Any CPU
		{615565C8-84DE-4B6B-80DD-106695429AD8}.Release|Any CPU.Build.0 = Release|Any CPU
		{615565C8-84DE-4B6B-80DD-106695429AD8}.Release|ARM.ActiveCfg = Release|Any CPU
		{615565C8-84DE-4B6B-80DD-106695429AD8}.Release|ARM.Build.0 = Release|Any CPU
		{615565C8-84DE-4B6B-80DD-106695429AD8}.Release|iPhone.ActiveCfg = Release|Any CPU
		{615565C8-84DE-4B6B-80DD-106695429AD8}.Release|iPhone.Build.0 = Release|Any CPU
		{615565C8-84DE-4B6B-80DD-106695429AD8}.Release|iPhoneSimulator.ActiveCfg = Release|Any CPU
		{615565C8-84DE-4B6B-80DD-106695429AD8}.Release|iPhoneSimulator.Build.0 = Release|Any CPU
		{615565C8-84DE-4B6B-80DD-106695429AD8}.Release|x64.ActiveCfg = Release|Any CPU
		{615565C8-84DE-4B6B-80DD-106695429AD8}.Release|x64.Build.0 = Release|Any CPU
		{615565C8-84DE-4B6B-80DD-106695429AD8}.Release|x86.ActiveCfg = Release|Any CPU
		{615565C8-84DE-4B6B-80DD-106695429AD8}.Release|x86.Build.0 = Release|Any CPU
		{39CD5D35-D98E-49A2-868B-89E7B64D25DE}.Ad-Hoc|Any CPU.ActiveCfg = Release|Any CPU
		{39CD5D35-D98E-49A2-868B-89E7B64D25DE}.Ad-Hoc|Any CPU.Build.0 = Release|Any CPU
		{39CD5D35-D98E-49A2-868B-89E7B64D25DE}.Ad-Hoc|ARM.ActiveCfg = Release|Any CPU
		{39CD5D35-D98E-49A2-868B-89E7B64D25DE}.Ad-Hoc|ARM.Build.0 = Release|Any CPU
		{39CD5D35-D98E-49A2-868B-89E7B64D25DE}.Ad-Hoc|iPhone.ActiveCfg = Release|Any CPU
		{39CD5D35-D98E-49A2-868B-89E7B64D25DE}.Ad-Hoc|iPhone.Build.0 = Release|Any CPU
		{39CD5D35-D98E-49A2-868B-89E7B64D25DE}.Ad-Hoc|iPhoneSimulator.ActiveCfg = Release|Any CPU
		{39CD5D35-D98E-49A2-868B-89E7B64D25DE}.Ad-Hoc|iPhoneSimulator.Build.0 = Release|Any CPU
		{39CD5D35-D98E-49A2-868B-89E7B64D25DE}.Ad-Hoc|x64.ActiveCfg = Release|Any CPU
		{39CD5D35-D98E-49A2-868B-89E7B64D25DE}.Ad-Hoc|x64.Build.0 = Release|Any CPU
		{39CD5D35-D98E-49A2-868B-89E7B64D25DE}.Ad-Hoc|x86.ActiveCfg = Release|Any CPU
		{39CD5D35-D98E-49A2-868B-89E7B64D25DE}.Ad-Hoc|x86.Build.0 = Release|Any CPU
		{39CD5D35-D98E-49A2-868B-89E7B64D25DE}.AppStore|Any CPU.ActiveCfg = Release|Any CPU
		{39CD5D35-D98E-49A2-868B-89E7B64D25DE}.AppStore|Any CPU.Build.0 = Release|Any CPU
		{39CD5D35-D98E-49A2-868B-89E7B64D25DE}.AppStore|ARM.ActiveCfg = Release|Any CPU
		{39CD5D35-D98E-49A2-868B-89E7B64D25DE}.AppStore|ARM.Build.0 = Release|Any CPU
		{39CD5D35-D98E-49A2-868B-89E7B64D25DE}.AppStore|iPhone.ActiveCfg = Release|Any CPU
		{39CD5D35-D98E-49A2-868B-89E7B64D25DE}.AppStore|iPhone.Build.0 = Release|Any CPU
		{39CD5D35-D98E-49A2-868B-89E7B64D25DE}.AppStore|iPhoneSimulator.ActiveCfg = Release|Any CPU
		{39CD5D35-D98E-49A2-868B-89E7B64D25DE}.AppStore|iPhoneSimulator.Build.0 = Release|Any CPU
		{39CD5D35-D98E-49A2-868B-89E7B64D25DE}.AppStore|x64.ActiveCfg = Release|Any CPU
		{39CD5D35-D98E-49A2-868B-89E7B64D25DE}.AppStore|x64.Build.0 = Release|Any CPU
		{39CD5D35-D98E-49A2-868B-89E7B64D25DE}.AppStore|x86.ActiveCfg = Release|Any CPU
		{39CD5D35-D98E-49A2-868B-89E7B64D25DE}.AppStore|x86.Build.0 = Release|Any CPU
		{39CD5D35-D98E-49A2-868B-89E7B64D25DE}.Debug|Any CPU.ActiveCfg = Debug|Any CPU
		{39CD5D35-D98E-49A2-868B-89E7B64D25DE}.Debug|Any CPU.Build.0 = Debug|Any CPU
		{39CD5D35-D98E-49A2-868B-89E7B64D25DE}.Debug|ARM.ActiveCfg = Debug|Any CPU
		{39CD5D35-D98E-49A2-868B-89E7B64D25DE}.Debug|ARM.Build.0 = Debug|Any CPU
		{39CD5D35-D98E-49A2-868B-89E7B64D25DE}.Debug|iPhone.ActiveCfg = Debug|Any CPU
		{39CD5D35-D98E-49A2-868B-89E7B64D25DE}.Debug|iPhone.Build.0 = Debug|Any CPU
		{39CD5D35-D98E-49A2-868B-89E7B64D25DE}.Debug|iPhoneSimulator.ActiveCfg = Debug|Any CPU
		{39CD5D35-D98E-49A2-868B-89E7B64D25DE}.Debug|iPhoneSimulator.Build.0 = Debug|Any CPU
		{39CD5D35-D98E-49A2-868B-89E7B64D25DE}.Debug|x64.ActiveCfg = Debug|Any CPU
		{39CD5D35-D98E-49A2-868B-89E7B64D25DE}.Debug|x64.Build.0 = Debug|Any CPU
		{39CD5D35-D98E-49A2-868B-89E7B64D25DE}.Debug|x86.ActiveCfg = Debug|Any CPU
		{39CD5D35-D98E-49A2-868B-89E7B64D25DE}.Debug|x86.Build.0 = Debug|Any CPU
		{39CD5D35-D98E-49A2-868B-89E7B64D25DE}.Release|Any CPU.ActiveCfg = Release|Any CPU
		{39CD5D35-D98E-49A2-868B-89E7B64D25DE}.Release|Any CPU.Build.0 = Release|Any CPU
		{39CD5D35-D98E-49A2-868B-89E7B64D25DE}.Release|ARM.ActiveCfg = Release|Any CPU
		{39CD5D35-D98E-49A2-868B-89E7B64D25DE}.Release|ARM.Build.0 = Release|Any CPU
		{39CD5D35-D98E-49A2-868B-89E7B64D25DE}.Release|iPhone.ActiveCfg = Release|Any CPU
		{39CD5D35-D98E-49A2-868B-89E7B64D25DE}.Release|iPhone.Build.0 = Release|Any CPU
		{39CD5D35-D98E-49A2-868B-89E7B64D25DE}.Release|iPhoneSimulator.ActiveCfg = Release|Any CPU
		{39CD5D35-D98E-49A2-868B-89E7B64D25DE}.Release|iPhoneSimulator.Build.0 = Release|Any CPU
		{39CD5D35-D98E-49A2-868B-89E7B64D25DE}.Release|x64.ActiveCfg = Release|Any CPU
		{39CD5D35-D98E-49A2-868B-89E7B64D25DE}.Release|x64.Build.0 = Release|Any CPU
		{39CD5D35-D98E-49A2-868B-89E7B64D25DE}.Release|x86.ActiveCfg = Release|Any CPU
		{39CD5D35-D98E-49A2-868B-89E7B64D25DE}.Release|x86.Build.0 = Release|Any CPU
		{2848D7D8-3C18-4DF0-8638-CBCCC36A325B}.Ad-Hoc|Any CPU.ActiveCfg = Release|Any CPU
		{2848D7D8-3C18-4DF0-8638-CBCCC36A325B}.Ad-Hoc|Any CPU.Build.0 = Release|Any CPU
		{2848D7D8-3C18-4DF0-8638-CBCCC36A325B}.Ad-Hoc|ARM.ActiveCfg = Release|ARM
		{2848D7D8-3C18-4DF0-8638-CBCCC36A325B}.Ad-Hoc|ARM.Build.0 = Release|ARM
		{2848D7D8-3C18-4DF0-8638-CBCCC36A325B}.Ad-Hoc|iPhone.ActiveCfg = Release|Any CPU
		{2848D7D8-3C18-4DF0-8638-CBCCC36A325B}.Ad-Hoc|iPhone.Build.0 = Release|Any CPU
		{2848D7D8-3C18-4DF0-8638-CBCCC36A325B}.Ad-Hoc|iPhoneSimulator.ActiveCfg = Release|Any CPU
		{2848D7D8-3C18-4DF0-8638-CBCCC36A325B}.Ad-Hoc|iPhoneSimulator.Build.0 = Release|Any CPU
		{2848D7D8-3C18-4DF0-8638-CBCCC36A325B}.Ad-Hoc|x64.ActiveCfg = Release|x64
		{2848D7D8-3C18-4DF0-8638-CBCCC36A325B}.Ad-Hoc|x64.Build.0 = Release|x64
		{2848D7D8-3C18-4DF0-8638-CBCCC36A325B}.Ad-Hoc|x86.ActiveCfg = Release|x86
		{2848D7D8-3C18-4DF0-8638-CBCCC36A325B}.Ad-Hoc|x86.Build.0 = Release|x86
		{2848D7D8-3C18-4DF0-8638-CBCCC36A325B}.AppStore|Any CPU.ActiveCfg = Release|Any CPU
		{2848D7D8-3C18-4DF0-8638-CBCCC36A325B}.AppStore|Any CPU.Build.0 = Release|Any CPU
		{2848D7D8-3C18-4DF0-8638-CBCCC36A325B}.AppStore|ARM.ActiveCfg = Release|ARM
		{2848D7D8-3C18-4DF0-8638-CBCCC36A325B}.AppStore|ARM.Build.0 = Release|ARM
		{2848D7D8-3C18-4DF0-8638-CBCCC36A325B}.AppStore|iPhone.ActiveCfg = Release|Any CPU
		{2848D7D8-3C18-4DF0-8638-CBCCC36A325B}.AppStore|iPhone.Build.0 = Release|Any CPU
		{2848D7D8-3C18-4DF0-8638-CBCCC36A325B}.AppStore|iPhoneSimulator.ActiveCfg = Release|Any CPU
		{2848D7D8-3C18-4DF0-8638-CBCCC36A325B}.AppStore|iPhoneSimulator.Build.0 = Release|Any CPU
		{2848D7D8-3C18-4DF0-8638-CBCCC36A325B}.AppStore|x64.ActiveCfg = Release|x64
		{2848D7D8-3C18-4DF0-8638-CBCCC36A325B}.AppStore|x64.Build.0 = Release|x64
		{2848D7D8-3C18-4DF0-8638-CBCCC36A325B}.AppStore|x86.ActiveCfg = Release|x86
		{2848D7D8-3C18-4DF0-8638-CBCCC36A325B}.AppStore|x86.Build.0 = Release|x86
		{2848D7D8-3C18-4DF0-8638-CBCCC36A325B}.Debug|Any CPU.ActiveCfg = Debug|Any CPU
		{2848D7D8-3C18-4DF0-8638-CBCCC36A325B}.Debug|Any CPU.Build.0 = Debug|Any CPU
		{2848D7D8-3C18-4DF0-8638-CBCCC36A325B}.Debug|ARM.ActiveCfg = Debug|ARM
		{2848D7D8-3C18-4DF0-8638-CBCCC36A325B}.Debug|ARM.Build.0 = Debug|ARM
		{2848D7D8-3C18-4DF0-8638-CBCCC36A325B}.Debug|iPhone.ActiveCfg = Debug|Any CPU
		{2848D7D8-3C18-4DF0-8638-CBCCC36A325B}.Debug|iPhone.Build.0 = Debug|Any CPU
		{2848D7D8-3C18-4DF0-8638-CBCCC36A325B}.Debug|iPhoneSimulator.ActiveCfg = Debug|Any CPU
		{2848D7D8-3C18-4DF0-8638-CBCCC36A325B}.Debug|iPhoneSimulator.Build.0 = Debug|Any CPU
		{2848D7D8-3C18-4DF0-8638-CBCCC36A325B}.Debug|x64.ActiveCfg = Debug|x64
		{2848D7D8-3C18-4DF0-8638-CBCCC36A325B}.Debug|x64.Build.0 = Debug|x64
		{2848D7D8-3C18-4DF0-8638-CBCCC36A325B}.Debug|x86.ActiveCfg = Debug|x86
		{2848D7D8-3C18-4DF0-8638-CBCCC36A325B}.Debug|x86.Build.0 = Debug|x86
		{2848D7D8-3C18-4DF0-8638-CBCCC36A325B}.Release|Any CPU.ActiveCfg = Release|Any CPU
		{2848D7D8-3C18-4DF0-8638-CBCCC36A325B}.Release|Any CPU.Build.0 = Release|Any CPU
		{2848D7D8-3C18-4DF0-8638-CBCCC36A325B}.Release|ARM.ActiveCfg = Release|ARM
		{2848D7D8-3C18-4DF0-8638-CBCCC36A325B}.Release|ARM.Build.0 = Release|ARM
		{2848D7D8-3C18-4DF0-8638-CBCCC36A325B}.Release|iPhone.ActiveCfg = Release|Any CPU
		{2848D7D8-3C18-4DF0-8638-CBCCC36A325B}.Release|iPhone.Build.0 = Release|Any CPU
		{2848D7D8-3C18-4DF0-8638-CBCCC36A325B}.Release|iPhoneSimulator.ActiveCfg = Release|Any CPU
		{2848D7D8-3C18-4DF0-8638-CBCCC36A325B}.Release|iPhoneSimulator.Build.0 = Release|Any CPU
		{2848D7D8-3C18-4DF0-8638-CBCCC36A325B}.Release|x64.ActiveCfg = Release|x64
		{2848D7D8-3C18-4DF0-8638-CBCCC36A325B}.Release|x64.Build.0 = Release|x64
		{2848D7D8-3C18-4DF0-8638-CBCCC36A325B}.Release|x86.ActiveCfg = Release|x86
		{2848D7D8-3C18-4DF0-8638-CBCCC36A325B}.Release|x86.Build.0 = Release|x86
		{D41A679F-F6FD-45B5-B63C-304C720090CC}.Ad-Hoc|Any CPU.ActiveCfg = Release|Any CPU
		{D41A679F-F6FD-45B5-B63C-304C720090CC}.Ad-Hoc|Any CPU.Build.0 = Release|Any CPU
		{D41A679F-F6FD-45B5-B63C-304C720090CC}.Ad-Hoc|Any CPU.Deploy.0 = Release|Any CPU
		{D41A679F-F6FD-45B5-B63C-304C720090CC}.Ad-Hoc|ARM.ActiveCfg = Release|Any CPU
		{D41A679F-F6FD-45B5-B63C-304C720090CC}.Ad-Hoc|ARM.Build.0 = Release|Any CPU
		{D41A679F-F6FD-45B5-B63C-304C720090CC}.Ad-Hoc|ARM.Deploy.0 = Release|Any CPU
		{D41A679F-F6FD-45B5-B63C-304C720090CC}.Ad-Hoc|iPhone.ActiveCfg = Release|Any CPU
		{D41A679F-F6FD-45B5-B63C-304C720090CC}.Ad-Hoc|iPhone.Build.0 = Release|Any CPU
		{D41A679F-F6FD-45B5-B63C-304C720090CC}.Ad-Hoc|iPhone.Deploy.0 = Release|Any CPU
		{D41A679F-F6FD-45B5-B63C-304C720090CC}.Ad-Hoc|iPhoneSimulator.ActiveCfg = Release|Any CPU
		{D41A679F-F6FD-45B5-B63C-304C720090CC}.Ad-Hoc|iPhoneSimulator.Build.0 = Release|Any CPU
		{D41A679F-F6FD-45B5-B63C-304C720090CC}.Ad-Hoc|iPhoneSimulator.Deploy.0 = Release|Any CPU
		{D41A679F-F6FD-45B5-B63C-304C720090CC}.Ad-Hoc|x64.ActiveCfg = Release|Any CPU
		{D41A679F-F6FD-45B5-B63C-304C720090CC}.Ad-Hoc|x64.Build.0 = Release|Any CPU
		{D41A679F-F6FD-45B5-B63C-304C720090CC}.Ad-Hoc|x64.Deploy.0 = Release|Any CPU
		{D41A679F-F6FD-45B5-B63C-304C720090CC}.Ad-Hoc|x86.ActiveCfg = Release|Any CPU
		{D41A679F-F6FD-45B5-B63C-304C720090CC}.Ad-Hoc|x86.Build.0 = Release|Any CPU
		{D41A679F-F6FD-45B5-B63C-304C720090CC}.Ad-Hoc|x86.Deploy.0 = Release|Any CPU
		{D41A679F-F6FD-45B5-B63C-304C720090CC}.AppStore|Any CPU.ActiveCfg = Release|Any CPU
		{D41A679F-F6FD-45B5-B63C-304C720090CC}.AppStore|Any CPU.Build.0 = Release|Any CPU
		{D41A679F-F6FD-45B5-B63C-304C720090CC}.AppStore|Any CPU.Deploy.0 = Release|Any CPU
		{D41A679F-F6FD-45B5-B63C-304C720090CC}.AppStore|ARM.ActiveCfg = Release|Any CPU
		{D41A679F-F6FD-45B5-B63C-304C720090CC}.AppStore|ARM.Build.0 = Release|Any CPU
		{D41A679F-F6FD-45B5-B63C-304C720090CC}.AppStore|ARM.Deploy.0 = Release|Any CPU
		{D41A679F-F6FD-45B5-B63C-304C720090CC}.AppStore|iPhone.ActiveCfg = Release|Any CPU
		{D41A679F-F6FD-45B5-B63C-304C720090CC}.AppStore|iPhone.Build.0 = Release|Any CPU
		{D41A679F-F6FD-45B5-B63C-304C720090CC}.AppStore|iPhone.Deploy.0 = Release|Any CPU
		{D41A679F-F6FD-45B5-B63C-304C720090CC}.AppStore|iPhoneSimulator.ActiveCfg = Release|Any CPU
		{D41A679F-F6FD-45B5-B63C-304C720090CC}.AppStore|iPhoneSimulator.Build.0 = Release|Any CPU
		{D41A679F-F6FD-45B5-B63C-304C720090CC}.AppStore|iPhoneSimulator.Deploy.0 = Release|Any CPU
		{D41A679F-F6FD-45B5-B63C-304C720090CC}.AppStore|x64.ActiveCfg = Release|Any CPU
		{D41A679F-F6FD-45B5-B63C-304C720090CC}.AppStore|x64.Build.0 = Release|Any CPU
		{D41A679F-F6FD-45B5-B63C-304C720090CC}.AppStore|x64.Deploy.0 = Release|Any CPU
		{D41A679F-F6FD-45B5-B63C-304C720090CC}.AppStore|x86.ActiveCfg = Release|Any CPU
		{D41A679F-F6FD-45B5-B63C-304C720090CC}.AppStore|x86.Build.0 = Release|Any CPU
		{D41A679F-F6FD-45B5-B63C-304C720090CC}.AppStore|x86.Deploy.0 = Release|Any CPU
		{D41A679F-F6FD-45B5-B63C-304C720090CC}.Debug|Any CPU.ActiveCfg = Debug|Any CPU
		{D41A679F-F6FD-45B5-B63C-304C720090CC}.Debug|Any CPU.Build.0 = Debug|Any CPU
		{D41A679F-F6FD-45B5-B63C-304C720090CC}.Debug|Any CPU.Deploy.0 = Debug|Any CPU
		{D41A679F-F6FD-45B5-B63C-304C720090CC}.Debug|ARM.ActiveCfg = Debug|Any CPU
		{D41A679F-F6FD-45B5-B63C-304C720090CC}.Debug|ARM.Build.0 = Debug|Any CPU
		{D41A679F-F6FD-45B5-B63C-304C720090CC}.Debug|ARM.Deploy.0 = Debug|Any CPU
		{D41A679F-F6FD-45B5-B63C-304C720090CC}.Debug|iPhone.ActiveCfg = Debug|Any CPU
		{D41A679F-F6FD-45B5-B63C-304C720090CC}.Debug|iPhone.Build.0 = Debug|Any CPU
		{D41A679F-F6FD-45B5-B63C-304C720090CC}.Debug|iPhone.Deploy.0 = Debug|Any CPU
		{D41A679F-F6FD-45B5-B63C-304C720090CC}.Debug|iPhoneSimulator.ActiveCfg = Debug|Any CPU
		{D41A679F-F6FD-45B5-B63C-304C720090CC}.Debug|iPhoneSimulator.Build.0 = Debug|Any CPU
		{D41A679F-F6FD-45B5-B63C-304C720090CC}.Debug|iPhoneSimulator.Deploy.0 = Debug|Any CPU
		{D41A679F-F6FD-45B5-B63C-304C720090CC}.Debug|x64.ActiveCfg = Debug|Any CPU
		{D41A679F-F6FD-45B5-B63C-304C720090CC}.Debug|x64.Build.0 = Debug|Any CPU
		{D41A679F-F6FD-45B5-B63C-304C720090CC}.Debug|x64.Deploy.0 = Debug|Any CPU
		{D41A679F-F6FD-45B5-B63C-304C720090CC}.Debug|x86.ActiveCfg = Debug|Any CPU
		{D41A679F-F6FD-45B5-B63C-304C720090CC}.Debug|x86.Build.0 = Debug|Any CPU
		{D41A679F-F6FD-45B5-B63C-304C720090CC}.Debug|x86.Deploy.0 = Debug|Any CPU
		{D41A679F-F6FD-45B5-B63C-304C720090CC}.Release|Any CPU.ActiveCfg = Release|Any CPU
		{D41A679F-F6FD-45B5-B63C-304C720090CC}.Release|Any CPU.Build.0 = Release|Any CPU
		{D41A679F-F6FD-45B5-B63C-304C720090CC}.Release|Any CPU.Deploy.0 = Release|Any CPU
		{D41A679F-F6FD-45B5-B63C-304C720090CC}.Release|ARM.ActiveCfg = Release|Any CPU
		{D41A679F-F6FD-45B5-B63C-304C720090CC}.Release|ARM.Build.0 = Release|Any CPU
		{D41A679F-F6FD-45B5-B63C-304C720090CC}.Release|ARM.Deploy.0 = Release|Any CPU
		{D41A679F-F6FD-45B5-B63C-304C720090CC}.Release|iPhone.ActiveCfg = Release|Any CPU
		{D41A679F-F6FD-45B5-B63C-304C720090CC}.Release|iPhone.Build.0 = Release|Any CPU
		{D41A679F-F6FD-45B5-B63C-304C720090CC}.Release|iPhone.Deploy.0 = Release|Any CPU
		{D41A679F-F6FD-45B5-B63C-304C720090CC}.Release|iPhoneSimulator.ActiveCfg = Release|Any CPU
		{D41A679F-F6FD-45B5-B63C-304C720090CC}.Release|iPhoneSimulator.Build.0 = Release|Any CPU
		{D41A679F-F6FD-45B5-B63C-304C720090CC}.Release|iPhoneSimulator.Deploy.0 = Release|Any CPU
		{D41A679F-F6FD-45B5-B63C-304C720090CC}.Release|x64.ActiveCfg = Release|Any CPU
		{D41A679F-F6FD-45B5-B63C-304C720090CC}.Release|x64.Build.0 = Release|Any CPU
		{D41A679F-F6FD-45B5-B63C-304C720090CC}.Release|x64.Deploy.0 = Release|Any CPU
		{D41A679F-F6FD-45B5-B63C-304C720090CC}.Release|x86.ActiveCfg = Release|Any CPU
		{D41A679F-F6FD-45B5-B63C-304C720090CC}.Release|x86.Build.0 = Release|Any CPU
		{D41A679F-F6FD-45B5-B63C-304C720090CC}.Release|x86.Deploy.0 = Release|Any CPU
		{D133A400-6A9B-4414-A989-6165FF3A3BAC}.Ad-Hoc|Any CPU.ActiveCfg = Release|x86
		{D133A400-6A9B-4414-A989-6165FF3A3BAC}.Ad-Hoc|Any CPU.Build.0 = Release|x86
		{D133A400-6A9B-4414-A989-6165FF3A3BAC}.Ad-Hoc|Any CPU.Deploy.0 = Release|x86
		{D133A400-6A9B-4414-A989-6165FF3A3BAC}.Ad-Hoc|ARM.ActiveCfg = Release|ARM
		{D133A400-6A9B-4414-A989-6165FF3A3BAC}.Ad-Hoc|ARM.Build.0 = Release|ARM
		{D133A400-6A9B-4414-A989-6165FF3A3BAC}.Ad-Hoc|ARM.Deploy.0 = Release|ARM
		{D133A400-6A9B-4414-A989-6165FF3A3BAC}.Ad-Hoc|iPhone.ActiveCfg = Release|x86
		{D133A400-6A9B-4414-A989-6165FF3A3BAC}.Ad-Hoc|iPhone.Build.0 = Release|x86
		{D133A400-6A9B-4414-A989-6165FF3A3BAC}.Ad-Hoc|iPhone.Deploy.0 = Release|x86
		{D133A400-6A9B-4414-A989-6165FF3A3BAC}.Ad-Hoc|iPhoneSimulator.ActiveCfg = Release|x86
		{D133A400-6A9B-4414-A989-6165FF3A3BAC}.Ad-Hoc|iPhoneSimulator.Build.0 = Release|x86
		{D133A400-6A9B-4414-A989-6165FF3A3BAC}.Ad-Hoc|iPhoneSimulator.Deploy.0 = Release|x86
		{D133A400-6A9B-4414-A989-6165FF3A3BAC}.Ad-Hoc|x64.ActiveCfg = Release|x64
		{D133A400-6A9B-4414-A989-6165FF3A3BAC}.Ad-Hoc|x64.Build.0 = Release|x64
		{D133A400-6A9B-4414-A989-6165FF3A3BAC}.Ad-Hoc|x64.Deploy.0 = Release|x64
		{D133A400-6A9B-4414-A989-6165FF3A3BAC}.Ad-Hoc|x86.ActiveCfg = Release|x86
		{D133A400-6A9B-4414-A989-6165FF3A3BAC}.Ad-Hoc|x86.Build.0 = Release|x86
		{D133A400-6A9B-4414-A989-6165FF3A3BAC}.Ad-Hoc|x86.Deploy.0 = Release|x86
		{D133A400-6A9B-4414-A989-6165FF3A3BAC}.AppStore|Any CPU.ActiveCfg = Release|x86
		{D133A400-6A9B-4414-A989-6165FF3A3BAC}.AppStore|Any CPU.Build.0 = Release|x86
		{D133A400-6A9B-4414-A989-6165FF3A3BAC}.AppStore|Any CPU.Deploy.0 = Release|x86
		{D133A400-6A9B-4414-A989-6165FF3A3BAC}.AppStore|ARM.ActiveCfg = Release|ARM
		{D133A400-6A9B-4414-A989-6165FF3A3BAC}.AppStore|ARM.Build.0 = Release|ARM
		{D133A400-6A9B-4414-A989-6165FF3A3BAC}.AppStore|ARM.Deploy.0 = Release|ARM
		{D133A400-6A9B-4414-A989-6165FF3A3BAC}.AppStore|iPhone.ActiveCfg = Release|x86
		{D133A400-6A9B-4414-A989-6165FF3A3BAC}.AppStore|iPhone.Build.0 = Release|x86
		{D133A400-6A9B-4414-A989-6165FF3A3BAC}.AppStore|iPhone.Deploy.0 = Release|x86
		{D133A400-6A9B-4414-A989-6165FF3A3BAC}.AppStore|iPhoneSimulator.ActiveCfg = Release|x86
		{D133A400-6A9B-4414-A989-6165FF3A3BAC}.AppStore|iPhoneSimulator.Build.0 = Release|x86
		{D133A400-6A9B-4414-A989-6165FF3A3BAC}.AppStore|iPhoneSimulator.Deploy.0 = Release|x86
		{D133A400-6A9B-4414-A989-6165FF3A3BAC}.AppStore|x64.ActiveCfg = Release|x64
		{D133A400-6A9B-4414-A989-6165FF3A3BAC}.AppStore|x64.Build.0 = Release|x64
		{D133A400-6A9B-4414-A989-6165FF3A3BAC}.AppStore|x64.Deploy.0 = Release|x64
		{D133A400-6A9B-4414-A989-6165FF3A3BAC}.AppStore|x86.ActiveCfg = Release|x86
		{D133A400-6A9B-4414-A989-6165FF3A3BAC}.AppStore|x86.Build.0 = Release|x86
		{D133A400-6A9B-4414-A989-6165FF3A3BAC}.AppStore|x86.Deploy.0 = Release|x86
		{D133A400-6A9B-4414-A989-6165FF3A3BAC}.Debug|Any CPU.ActiveCfg = Debug|x86
		{D133A400-6A9B-4414-A989-6165FF3A3BAC}.Debug|ARM.ActiveCfg = Debug|ARM
		{D133A400-6A9B-4414-A989-6165FF3A3BAC}.Debug|ARM.Build.0 = Debug|ARM
		{D133A400-6A9B-4414-A989-6165FF3A3BAC}.Debug|ARM.Deploy.0 = Debug|ARM
		{D133A400-6A9B-4414-A989-6165FF3A3BAC}.Debug|iPhone.ActiveCfg = Debug|x86
		{D133A400-6A9B-4414-A989-6165FF3A3BAC}.Debug|iPhoneSimulator.ActiveCfg = Debug|x86
		{D133A400-6A9B-4414-A989-6165FF3A3BAC}.Debug|x64.ActiveCfg = Debug|x64
		{D133A400-6A9B-4414-A989-6165FF3A3BAC}.Debug|x64.Build.0 = Debug|x64
		{D133A400-6A9B-4414-A989-6165FF3A3BAC}.Debug|x64.Deploy.0 = Debug|x64
		{D133A400-6A9B-4414-A989-6165FF3A3BAC}.Debug|x86.ActiveCfg = Debug|x86
		{D133A400-6A9B-4414-A989-6165FF3A3BAC}.Debug|x86.Build.0 = Debug|x86
		{D133A400-6A9B-4414-A989-6165FF3A3BAC}.Debug|x86.Deploy.0 = Debug|x86
		{D133A400-6A9B-4414-A989-6165FF3A3BAC}.Release|Any CPU.ActiveCfg = Release|x86
		{D133A400-6A9B-4414-A989-6165FF3A3BAC}.Release|ARM.ActiveCfg = Release|ARM
		{D133A400-6A9B-4414-A989-6165FF3A3BAC}.Release|ARM.Build.0 = Release|ARM
		{D133A400-6A9B-4414-A989-6165FF3A3BAC}.Release|ARM.Deploy.0 = Release|ARM
		{D133A400-6A9B-4414-A989-6165FF3A3BAC}.Release|iPhone.ActiveCfg = Release|x86
		{D133A400-6A9B-4414-A989-6165FF3A3BAC}.Release|iPhoneSimulator.ActiveCfg = Release|x86
		{D133A400-6A9B-4414-A989-6165FF3A3BAC}.Release|x64.ActiveCfg = Release|x64
		{D133A400-6A9B-4414-A989-6165FF3A3BAC}.Release|x64.Build.0 = Release|x64
		{D133A400-6A9B-4414-A989-6165FF3A3BAC}.Release|x64.Deploy.0 = Release|x64
		{D133A400-6A9B-4414-A989-6165FF3A3BAC}.Release|x86.ActiveCfg = Release|x86
		{D133A400-6A9B-4414-A989-6165FF3A3BAC}.Release|x86.Build.0 = Release|x86
		{D133A400-6A9B-4414-A989-6165FF3A3BAC}.Release|x86.Deploy.0 = Release|x86
		{2C3B781D-170C-44FA-BB73-E454A4AE73BD}.Ad-Hoc|Any CPU.ActiveCfg = Ad-Hoc|iPhone
		{2C3B781D-170C-44FA-BB73-E454A4AE73BD}.Ad-Hoc|ARM.ActiveCfg = Ad-Hoc|iPhone
		{2C3B781D-170C-44FA-BB73-E454A4AE73BD}.Ad-Hoc|iPhone.ActiveCfg = Ad-Hoc|iPhone
		{2C3B781D-170C-44FA-BB73-E454A4AE73BD}.Ad-Hoc|iPhone.Build.0 = Ad-Hoc|iPhone
		{2C3B781D-170C-44FA-BB73-E454A4AE73BD}.Ad-Hoc|iPhoneSimulator.ActiveCfg = Ad-Hoc|iPhoneSimulator
		{2C3B781D-170C-44FA-BB73-E454A4AE73BD}.Ad-Hoc|iPhoneSimulator.Build.0 = Ad-Hoc|iPhoneSimulator
		{2C3B781D-170C-44FA-BB73-E454A4AE73BD}.Ad-Hoc|x64.ActiveCfg = Ad-Hoc|iPhone
		{2C3B781D-170C-44FA-BB73-E454A4AE73BD}.Ad-Hoc|x86.ActiveCfg = Ad-Hoc|iPhone
		{2C3B781D-170C-44FA-BB73-E454A4AE73BD}.AppStore|Any CPU.ActiveCfg = AppStore|iPhone
		{2C3B781D-170C-44FA-BB73-E454A4AE73BD}.AppStore|ARM.ActiveCfg = AppStore|iPhone
		{2C3B781D-170C-44FA-BB73-E454A4AE73BD}.AppStore|iPhone.ActiveCfg = AppStore|iPhone
		{2C3B781D-170C-44FA-BB73-E454A4AE73BD}.AppStore|iPhone.Build.0 = AppStore|iPhone
		{2C3B781D-170C-44FA-BB73-E454A4AE73BD}.AppStore|iPhoneSimulator.ActiveCfg = AppStore|iPhoneSimulator
		{2C3B781D-170C-44FA-BB73-E454A4AE73BD}.AppStore|iPhoneSimulator.Build.0 = AppStore|iPhoneSimulator
		{2C3B781D-170C-44FA-BB73-E454A4AE73BD}.AppStore|x64.ActiveCfg = AppStore|iPhone
		{2C3B781D-170C-44FA-BB73-E454A4AE73BD}.AppStore|x86.ActiveCfg = AppStore|iPhone
		{2C3B781D-170C-44FA-BB73-E454A4AE73BD}.Debug|Any CPU.ActiveCfg = Debug|iPhone
		{2C3B781D-170C-44FA-BB73-E454A4AE73BD}.Debug|ARM.ActiveCfg = Debug|iPhone
		{2C3B781D-170C-44FA-BB73-E454A4AE73BD}.Debug|iPhone.ActiveCfg = Debug|iPhone
		{2C3B781D-170C-44FA-BB73-E454A4AE73BD}.Debug|iPhone.Build.0 = Debug|iPhone
		{2C3B781D-170C-44FA-BB73-E454A4AE73BD}.Debug|iPhoneSimulator.ActiveCfg = Debug|iPhoneSimulator
		{2C3B781D-170C-44FA-BB73-E454A4AE73BD}.Debug|iPhoneSimulator.Build.0 = Debug|iPhoneSimulator
		{2C3B781D-170C-44FA-BB73-E454A4AE73BD}.Debug|x64.ActiveCfg = Debug|iPhone
		{2C3B781D-170C-44FA-BB73-E454A4AE73BD}.Debug|x86.ActiveCfg = Debug|iPhone
		{2C3B781D-170C-44FA-BB73-E454A4AE73BD}.Release|Any CPU.ActiveCfg = Release|iPhone
		{2C3B781D-170C-44FA-BB73-E454A4AE73BD}.Release|ARM.ActiveCfg = Release|iPhone
		{2C3B781D-170C-44FA-BB73-E454A4AE73BD}.Release|iPhone.ActiveCfg = Release|iPhone
		{2C3B781D-170C-44FA-BB73-E454A4AE73BD}.Release|iPhone.Build.0 = Release|iPhone
		{2C3B781D-170C-44FA-BB73-E454A4AE73BD}.Release|iPhoneSimulator.ActiveCfg = Release|iPhoneSimulator
		{2C3B781D-170C-44FA-BB73-E454A4AE73BD}.Release|iPhoneSimulator.Build.0 = Release|iPhoneSimulator
		{2C3B781D-170C-44FA-BB73-E454A4AE73BD}.Release|x64.ActiveCfg = Release|iPhone
		{2C3B781D-170C-44FA-BB73-E454A4AE73BD}.Release|x86.ActiveCfg = Release|iPhone
		{085D550D-9E27-474F-A79E-4578224F8664}.Ad-Hoc|Any CPU.ActiveCfg = Debug|Any CPU
		{085D550D-9E27-474F-A79E-4578224F8664}.Ad-Hoc|Any CPU.Build.0 = Debug|Any CPU
		{085D550D-9E27-474F-A79E-4578224F8664}.Ad-Hoc|ARM.ActiveCfg = Debug|Any CPU
		{085D550D-9E27-474F-A79E-4578224F8664}.Ad-Hoc|ARM.Build.0 = Debug|Any CPU
		{085D550D-9E27-474F-A79E-4578224F8664}.Ad-Hoc|iPhone.ActiveCfg = Debug|Any CPU
		{085D550D-9E27-474F-A79E-4578224F8664}.Ad-Hoc|iPhone.Build.0 = Debug|Any CPU
		{085D550D-9E27-474F-A79E-4578224F8664}.Ad-Hoc|iPhoneSimulator.ActiveCfg = Debug|Any CPU
		{085D550D-9E27-474F-A79E-4578224F8664}.Ad-Hoc|iPhoneSimulator.Build.0 = Debug|Any CPU
		{085D550D-9E27-474F-A79E-4578224F8664}.Ad-Hoc|x64.ActiveCfg = Debug|Any CPU
		{085D550D-9E27-474F-A79E-4578224F8664}.Ad-Hoc|x64.Build.0 = Debug|Any CPU
		{085D550D-9E27-474F-A79E-4578224F8664}.Ad-Hoc|x86.ActiveCfg = Debug|Any CPU
		{085D550D-9E27-474F-A79E-4578224F8664}.Ad-Hoc|x86.Build.0 = Debug|Any CPU
		{085D550D-9E27-474F-A79E-4578224F8664}.AppStore|Any CPU.ActiveCfg = Debug|Any CPU
		{085D550D-9E27-474F-A79E-4578224F8664}.AppStore|Any CPU.Build.0 = Debug|Any CPU
		{085D550D-9E27-474F-A79E-4578224F8664}.AppStore|ARM.ActiveCfg = Debug|Any CPU
		{085D550D-9E27-474F-A79E-4578224F8664}.AppStore|ARM.Build.0 = Debug|Any CPU
		{085D550D-9E27-474F-A79E-4578224F8664}.AppStore|iPhone.ActiveCfg = Debug|Any CPU
		{085D550D-9E27-474F-A79E-4578224F8664}.AppStore|iPhone.Build.0 = Debug|Any CPU
		{085D550D-9E27-474F-A79E-4578224F8664}.AppStore|iPhoneSimulator.ActiveCfg = Debug|Any CPU
		{085D550D-9E27-474F-A79E-4578224F8664}.AppStore|iPhoneSimulator.Build.0 = Debug|Any CPU
		{085D550D-9E27-474F-A79E-4578224F8664}.AppStore|x64.ActiveCfg = Debug|Any CPU
		{085D550D-9E27-474F-A79E-4578224F8664}.AppStore|x64.Build.0 = Debug|Any CPU
		{085D550D-9E27-474F-A79E-4578224F8664}.AppStore|x86.ActiveCfg = Debug|Any CPU
		{085D550D-9E27-474F-A79E-4578224F8664}.AppStore|x86.Build.0 = Debug|Any CPU
		{085D550D-9E27-474F-A79E-4578224F8664}.Debug|Any CPU.ActiveCfg = Debug|Any CPU
		{085D550D-9E27-474F-A79E-4578224F8664}.Debug|Any CPU.Build.0 = Debug|Any CPU
		{085D550D-9E27-474F-A79E-4578224F8664}.Debug|ARM.ActiveCfg = Debug|Any CPU
		{085D550D-9E27-474F-A79E-4578224F8664}.Debug|ARM.Build.0 = Debug|Any CPU
		{085D550D-9E27-474F-A79E-4578224F8664}.Debug|iPhone.ActiveCfg = Debug|Any CPU
		{085D550D-9E27-474F-A79E-4578224F8664}.Debug|iPhone.Build.0 = Debug|Any CPU
		{085D550D-9E27-474F-A79E-4578224F8664}.Debug|iPhoneSimulator.ActiveCfg = Debug|Any CPU
		{085D550D-9E27-474F-A79E-4578224F8664}.Debug|iPhoneSimulator.Build.0 = Debug|Any CPU
		{085D550D-9E27-474F-A79E-4578224F8664}.Debug|x64.ActiveCfg = Debug|Any CPU
		{085D550D-9E27-474F-A79E-4578224F8664}.Debug|x64.Build.0 = Debug|Any CPU
		{085D550D-9E27-474F-A79E-4578224F8664}.Debug|x86.ActiveCfg = Debug|Any CPU
		{085D550D-9E27-474F-A79E-4578224F8664}.Debug|x86.Build.0 = Debug|Any CPU
		{085D550D-9E27-474F-A79E-4578224F8664}.Release|Any CPU.ActiveCfg = Release|Any CPU
		{085D550D-9E27-474F-A79E-4578224F8664}.Release|Any CPU.Build.0 = Release|Any CPU
		{085D550D-9E27-474F-A79E-4578224F8664}.Release|ARM.ActiveCfg = Release|Any CPU
		{085D550D-9E27-474F-A79E-4578224F8664}.Release|ARM.Build.0 = Release|Any CPU
		{085D550D-9E27-474F-A79E-4578224F8664}.Release|iPhone.ActiveCfg = Release|Any CPU
		{085D550D-9E27-474F-A79E-4578224F8664}.Release|iPhone.Build.0 = Release|Any CPU
		{085D550D-9E27-474F-A79E-4578224F8664}.Release|iPhoneSimulator.ActiveCfg = Release|Any CPU
		{085D550D-9E27-474F-A79E-4578224F8664}.Release|iPhoneSimulator.Build.0 = Release|Any CPU
		{085D550D-9E27-474F-A79E-4578224F8664}.Release|x64.ActiveCfg = Release|Any CPU
		{085D550D-9E27-474F-A79E-4578224F8664}.Release|x64.Build.0 = Release|Any CPU
		{085D550D-9E27-474F-A79E-4578224F8664}.Release|x86.ActiveCfg = Release|Any CPU
		{085D550D-9E27-474F-A79E-4578224F8664}.Release|x86.Build.0 = Release|Any CPU
	EndGlobalSection
	GlobalSection(SolutionProperties) = preSolution
		HideSolutionNode = FALSE
	EndGlobalSection
	GlobalSection(NestedProjects) = preSolution
		{ABA23BAB-084A-443E-B9CC-37B0A826377E} = {D54B9249-B233-42AD-8346-2E59628B9B34}
		{615565C8-84DE-4B6B-80DD-106695429AD8} = {C5A73308-8FF9-4767-91CF-1B97B38B0403}
		{39CD5D35-D98E-49A2-868B-89E7B64D25DE} = {C5A73308-8FF9-4767-91CF-1B97B38B0403}
		{2848D7D8-3C18-4DF0-8638-CBCCC36A325B} = {C5A73308-8FF9-4767-91CF-1B97B38B0403}
		{D41A679F-F6FD-45B5-B63C-304C720090CC} = {F6468D98-0EC8-412A-865C-6AC3F010C044}
		{D133A400-6A9B-4414-A989-6165FF3A3BAC} = {F6468D98-0EC8-412A-865C-6AC3F010C044}
		{2C3B781D-170C-44FA-BB73-E454A4AE73BD} = {F6468D98-0EC8-412A-865C-6AC3F010C044}
		{085D550D-9E27-474F-A79E-4578224F8664} = {F6468D98-0EC8-412A-865C-6AC3F010C044}
	EndGlobalSection
	GlobalSection(ExtensibilityGlobals) = postSolution
		SolutionGuid = {1C34EA6A-1B6B-4B5A-B3D8-165B651A6744}
	EndGlobalSection
EndGlobal
